// !$*UTF8*$!
{
	archiveVersion = 1;
	classes = {
	};
	objectVersion = 46;
	objects = {

/* Begin PBXBuildFile section */
		AC73526116F4774100900D7D /* UIKit.framework in Frameworks */ = {isa = PBXBuildFile; fileRef = AC73526016F4774100900D7D /* UIKit.framework */; };
		AC73526316F4774100900D7D /* Foundation.framework in Frameworks */ = {isa = PBXBuildFile; fileRef = AC73526216F4774100900D7D /* Foundation.framework */; };
		AC73526516F4774100900D7D /* CoreGraphics.framework in Frameworks */ = {isa = PBXBuildFile; fileRef = AC73526416F4774100900D7D /* CoreGraphics.framework */; };
		AC73526B16F4774100900D7D /* InfoPlist.strings in Resources */ = {isa = PBXBuildFile; fileRef = AC73526916F4774100900D7D /* InfoPlist.strings */; };
		AC73526D16F4774100900D7D /* main.m in Sources */ = {isa = PBXBuildFile; fileRef = AC73526C16F4774100900D7D /* main.m */; };
		AC73527116F4774100900D7D /* GitAppDelegate.m in Sources */ = {isa = PBXBuildFile; fileRef = AC73527016F4774100900D7D /* GitAppDelegate.m */; };
		AC73527316F4774100900D7D /* Default.png in Resources */ = {isa = PBXBuildFile; fileRef = AC73527216F4774100900D7D /* Default.png */; };
		AC73527516F4774100900D7D /* Default@2x.png in Resources */ = {isa = PBXBuildFile; fileRef = AC73527416F4774100900D7D /* Default@2x.png */; };
		AC73527716F4774100900D7D /* Default-568h@2x.png in Resources */ = {isa = PBXBuildFile; fileRef = AC73527616F4774100900D7D /* Default-568h@2x.png */; };
		AC73527A16F4774100900D7D /* GitViewController.m in Sources */ = {isa = PBXBuildFile; fileRef = AC73527916F4774100900D7D /* GitViewController.m */; };
		AC73527D16F4774100900D7D /* GitViewController_iPhone.xib in Resources */ = {isa = PBXBuildFile; fileRef = AC73527B16F4774100900D7D /* GitViewController_iPhone.xib */; };
		AC73528016F4774100900D7D /* GitViewController_iPad.xib in Resources */ = {isa = PBXBuildFile; fileRef = AC73527E16F4774100900D7D /* GitViewController_iPad.xib */; };
		AC73528716F47B9D00900D7D /* .gitignore in Resources */ = {isa = PBXBuildFile; fileRef = AC73528616F47B9D00900D7D /* .gitignore */; };
		AC73528B16F4867100900D7D /* GitAlumno.m in Sources */ = {isa = PBXBuildFile; fileRef = AC73528A16F4867100900D7D /* GitAlumno.m */; };
		AC73528E16F48AF300900D7D /* GitEvento.m in Sources */ = {isa = PBXBuildFile; fileRef = AC73528D16F48AF300900D7D /* GitEvento.m */; };
		AC73529316F4B9C600900D7D /* GitEventoViewController.m in Sources */ = {isa = PBXBuildFile; fileRef = AC73529116F4B9C600900D7D /* GitEventoViewController.m */; };
		AC73529416F4B9C600900D7D /* GitEventoViewController.xib in Resources */ = {isa = PBXBuildFile; fileRef = AC73529216F4B9C600900D7D /* GitEventoViewController.xib */; };
/* End PBXBuildFile section */

/* Begin PBXFileReference section */
		AC73525D16F4774100900D7D /* cursogit.app */ = {isa = PBXFileReference; explicitFileType = wrapper.application; includeInIndex = 0; path = cursogit.app; sourceTree = BUILT_PRODUCTS_DIR; };
		AC73526016F4774100900D7D /* UIKit.framework */ = {isa = PBXFileReference; lastKnownFileType = wrapper.framework; name = UIKit.framework; path = System/Library/Frameworks/UIKit.framework; sourceTree = SDKROOT; };
		AC73526216F4774100900D7D /* Foundation.framework */ = {isa = PBXFileReference; lastKnownFileType = wrapper.framework; name = Foundation.framework; path = System/Library/Frameworks/Foundation.framework; sourceTree = SDKROOT; };
		AC73526416F4774100900D7D /* CoreGraphics.framework */ = {isa = PBXFileReference; lastKnownFileType = wrapper.framework; name = CoreGraphics.framework; path = System/Library/Frameworks/CoreGraphics.framework; sourceTree = SDKROOT; };
		AC73526816F4774100900D7D /* cursogit-Info.plist */ = {isa = PBXFileReference; lastKnownFileType = text.plist.xml; path = "cursogit-Info.plist"; sourceTree = "<group>"; };
		AC73526A16F4774100900D7D /* en */ = {isa = PBXFileReference; lastKnownFileType = text.plist.strings; name = en; path = en.lproj/InfoPlist.strings; sourceTree = "<group>"; };
		AC73526C16F4774100900D7D /* main.m */ = {isa = PBXFileReference; lastKnownFileType = sourcecode.c.objc; path = main.m; sourceTree = "<group>"; };
		AC73526E16F4774100900D7D /* cursogit-Prefix.pch */ = {isa = PBXFileReference; lastKnownFileType = sourcecode.c.h; path = "cursogit-Prefix.pch"; sourceTree = "<group>"; };
		AC73526F16F4774100900D7D /* GitAppDelegate.h */ = {isa = PBXFileReference; lastKnownFileType = sourcecode.c.h; path = GitAppDelegate.h; sourceTree = "<group>"; };
		AC73527016F4774100900D7D /* GitAppDelegate.m */ = {isa = PBXFileReference; lastKnownFileType = sourcecode.c.objc; path = GitAppDelegate.m; sourceTree = "<group>"; };
		AC73527216F4774100900D7D /* Default.png */ = {isa = PBXFileReference; lastKnownFileType = image.png; path = Default.png; sourceTree = "<group>"; };
		AC73527416F4774100900D7D /* Default@2x.png */ = {isa = PBXFileReference; lastKnownFileType = image.png; path = "Default@2x.png"; sourceTree = "<group>"; };
		AC73527616F4774100900D7D /* Default-568h@2x.png */ = {isa = PBXFileReference; lastKnownFileType = image.png; path = "Default-568h@2x.png"; sourceTree = "<group>"; };
		AC73527816F4774100900D7D /* GitViewController.h */ = {isa = PBXFileReference; lastKnownFileType = sourcecode.c.h; path = GitViewController.h; sourceTree = "<group>"; };
		AC73527916F4774100900D7D /* GitViewController.m */ = {isa = PBXFileReference; lastKnownFileType = sourcecode.c.objc; path = GitViewController.m; sourceTree = "<group>"; };
		AC73527C16F4774100900D7D /* en */ = {isa = PBXFileReference; lastKnownFileType = file.xib; name = en; path = en.lproj/GitViewController_iPhone.xib; sourceTree = "<group>"; };
		AC73527F16F4774100900D7D /* en */ = {isa = PBXFileReference; lastKnownFileType = file.xib; name = en; path = en.lproj/GitViewController_iPad.xib; sourceTree = "<group>"; };
		AC73528616F47B9D00900D7D /* .gitignore */ = {isa = PBXFileReference; fileEncoding = 4; lastKnownFileType = text; name = .gitignore; path = ../.gitignore; sourceTree = "<group>"; };
		AC73528916F4867100900D7D /* GitAlumno.h */ = {isa = PBXFileReference; fileEncoding = 4; lastKnownFileType = sourcecode.c.h; path = GitAlumno.h; sourceTree = "<group>"; };
		AC73528A16F4867100900D7D /* GitAlumno.m */ = {isa = PBXFileReference; fileEncoding = 4; lastKnownFileType = sourcecode.c.objc; path = GitAlumno.m; sourceTree = "<group>"; };
		AC73528C16F48AF300900D7D /* GitEvento.h */ = {isa = PBXFileReference; fileEncoding = 4; lastKnownFileType = sourcecode.c.h; path = GitEvento.h; sourceTree = "<group>"; };
		AC73528D16F48AF300900D7D /* GitEvento.m */ = {isa = PBXFileReference; fileEncoding = 4; lastKnownFileType = sourcecode.c.objc; path = GitEvento.m; sourceTree = "<group>"; };
		AC73529016F4B9C600900D7D /* GitEventoViewController.h */ = {isa = PBXFileReference; fileEncoding = 4; lastKnownFileType = sourcecode.c.h; path = GitEventoViewController.h; sourceTree = "<group>"; };
		AC73529116F4B9C600900D7D /* GitEventoViewController.m */ = {isa = PBXFileReference; fileEncoding = 4; lastKnownFileType = sourcecode.c.objc; path = GitEventoViewController.m; sourceTree = "<group>"; };
		AC73529216F4B9C600900D7D /* GitEventoViewController.xib */ = {isa = PBXFileReference; fileEncoding = 4; lastKnownFileType = file.xib; path = GitEventoViewController.xib; sourceTree = "<group>"; };
/* End PBXFileReference section */

/* Begin PBXFrameworksBuildPhase section */
		AC73525A16F4774100900D7D /* Frameworks */ = {
			isa = PBXFrameworksBuildPhase;
			buildActionMask = 2147483647;
			files = (
				AC73526116F4774100900D7D /* UIKit.framework in Frameworks */,
				AC73526316F4774100900D7D /* Foundation.framework in Frameworks */,
				AC73526516F4774100900D7D /* CoreGraphics.framework in Frameworks */,
			);
			runOnlyForDeploymentPostprocessing = 0;
		};
/* End PBXFrameworksBuildPhase section */

/* Begin PBXGroup section */
		AC73525416F4774100900D7D = {
			isa = PBXGroup;
			children = (
				AC73528816F4865500900D7D /* Model */,
				AC73526616F4774100900D7D /* cursogit */,
				AC73525F16F4774100900D7D /* Frameworks */,
				AC73525E16F4774100900D7D /* Products */,
			);
			sourceTree = "<group>";
		};
		AC73525E16F4774100900D7D /* Products */ = {
			isa = PBXGroup;
			children = (
				AC73525D16F4774100900D7D /* cursogit.app */,
			);
			name = Products;
			sourceTree = "<group>";
		};
		AC73525F16F4774100900D7D /* Frameworks */ = {
			isa = PBXGroup;
			children = (
				AC73526016F4774100900D7D /* UIKit.framework */,
				AC73526216F4774100900D7D /* Foundation.framework */,
				AC73526416F4774100900D7D /* CoreGraphics.framework */,
			);
			name = Frameworks;
			sourceTree = "<group>";
		};
		AC73526616F4774100900D7D /* cursogit */ = {
			isa = PBXGroup;
			children = (
				AC73526F16F4774100900D7D /* GitAppDelegate.h */,
				AC73527016F4774100900D7D /* GitAppDelegate.m */,
				AC73527816F4774100900D7D /* GitViewController.h */,
				AC73527916F4774100900D7D /* GitViewController.m */,
				AC73527B16F4774100900D7D /* GitViewController_iPhone.xib */,
				AC73527E16F4774100900D7D /* GitViewController_iPad.xib */,
				AC73526716F4774100900D7D /* Supporting Files */,
				AC73529016F4B9C600900D7D /* GitEventoViewController.h */,
				AC73529116F4B9C600900D7D /* GitEventoViewController.m */,
				AC73529216F4B9C600900D7D /* GitEventoViewController.xib */,
			);
			path = cursogit;
			sourceTree = "<group>";
		};
		AC73526716F4774100900D7D /* Supporting Files */ = {
			isa = PBXGroup;
			children = (
				AC73528616F47B9D00900D7D /* .gitignore */,
				AC73526816F4774100900D7D /* cursogit-Info.plist */,
				AC73526916F4774100900D7D /* InfoPlist.strings */,
				AC73526C16F4774100900D7D /* main.m */,
				AC73526E16F4774100900D7D /* cursogit-Prefix.pch */,
				AC73527216F4774100900D7D /* Default.png */,
				AC73527416F4774100900D7D /* Default@2x.png */,
				AC73527616F4774100900D7D /* Default-568h@2x.png */,
			);
			name = "Supporting Files";
			sourceTree = "<group>";
		};
		AC73528816F4865500900D7D /* Model */ = {
			isa = PBXGroup;
			children = (
				AC73528916F4867100900D7D /* GitAlumno.h */,
				AC73528A16F4867100900D7D /* GitAlumno.m */,
				AC73528C16F48AF300900D7D /* GitEvento.h */,
				AC73528D16F48AF300900D7D /* GitEvento.m */,
			);
			name = Model;
			sourceTree = "<group>";
		};
/* End PBXGroup section */

/* Begin PBXNativeTarget section */
		AC73525C16F4774100900D7D /* cursogit */ = {
			isa = PBXNativeTarget;
			buildConfigurationList = AC73528316F4774100900D7D /* Build configuration list for PBXNativeTarget "cursogit" */;
			buildPhases = (
				AC73525916F4774100900D7D /* Sources */,
				AC73525A16F4774100900D7D /* Frameworks */,
				AC73525B16F4774100900D7D /* Resources */,
			);
			buildRules = (
			);
			dependencies = (
			);
			name = cursogit;
			productName = cursogit;
			productReference = AC73525D16F4774100900D7D /* cursogit.app */;
			productType = "com.apple.product-type.application";
		};
/* End PBXNativeTarget section */

/* Begin PBXProject section */
		AC73525516F4774100900D7D /* Project object */ = {
			isa = PBXProject;
			attributes = {
				CLASSPREFIX = Git;
				LastUpgradeCheck = 0460;
				ORGANIZATIONNAME = "Alfonso Alba";
			};
			buildConfigurationList = AC73525816F4774100900D7D /* Build configuration list for PBXProject "cursogit" */;
			compatibilityVersion = "Xcode 3.2";
			developmentRegion = English;
			hasScannedForEncodings = 0;
			knownRegions = (
				en,
			);
			mainGroup = AC73525416F4774100900D7D;
			productRefGroup = AC73525E16F4774100900D7D /* Products */;
			projectDirPath = "";
			projectRoot = "";
			targets = (
				AC73525C16F4774100900D7D /* cursogit */,
			);
		};
/* End PBXProject section */

/* Begin PBXResourcesBuildPhase section */
		AC73525B16F4774100900D7D /* Resources */ = {
			isa = PBXResourcesBuildPhase;
			buildActionMask = 2147483647;
			files = (
				AC73526B16F4774100900D7D /* InfoPlist.strings in Resources */,
				AC73527316F4774100900D7D /* Default.png in Resources */,
				AC73527516F4774100900D7D /* Default@2x.png in Resources */,
				AC73527716F4774100900D7D /* Default-568h@2x.png in Resources */,
				AC73527D16F4774100900D7D /* GitViewController_iPhone.xib in Resources */,
				AC73528016F4774100900D7D /* GitViewController_iPad.xib in Resources */,
				AC73528716F47B9D00900D7D /* .gitignore in Resources */,
				AC73529416F4B9C600900D7D /* GitEventoViewController.xib in Resources */,
			);
			runOnlyForDeploymentPostprocessing = 0;
		};
/* End PBXResourcesBuildPhase section */

/* Begin PBXSourcesBuildPhase section */
		AC73525916F4774100900D7D /* Sources */ = {
			isa = PBXSourcesBuildPhase;
			buildActionMask = 2147483647;
			files = (
				AC73526D16F4774100900D7D /* main.m in Sources */,
				AC73527116F4774100900D7D /* GitAppDelegate.m in Sources */,
				AC73527A16F4774100900D7D /* GitViewController.m in Sources */,
				AC73528B16F4867100900D7D /* GitAlumno.m in Sources */,
				AC73528E16F48AF300900D7D /* GitEvento.m in Sources */,
				AC73529316F4B9C600900D7D /* GitEventoViewController.m in Sources */,
			);
			runOnlyForDeploymentPostprocessing = 0;
		};
/* End PBXSourcesBuildPhase section */

/* Begin PBXVariantGroup section */
		AC73526916F4774100900D7D /* InfoPlist.strings */ = {
			isa = PBXVariantGroup;
			children = (
				AC73526A16F4774100900D7D /* en */,
			);
			name = InfoPlist.strings;
			sourceTree = "<group>";
		};
		AC73527B16F4774100900D7D /* GitViewController_iPhone.xib */ = {
			isa = PBXVariantGroup;
			children = (
				AC73527C16F4774100900D7D /* en */,
			);
			name = GitViewController_iPhone.xib;
			sourceTree = "<group>";
		};
		AC73527E16F4774100900D7D /* GitViewController_iPad.xib */ = {
			isa = PBXVariantGroup;
			children = (
				AC73527F16F4774100900D7D /* en */,
			);
			name = GitViewController_iPad.xib;
			sourceTree = "<group>";
		};
/* End PBXVariantGroup section */

/* Begin XCBuildConfiguration section */
		AC73528116F4774100900D7D /* Debug */ = {
			isa = XCBuildConfiguration;
			buildSettings = {
				ALWAYS_SEARCH_USER_PATHS = NO;
				CLANG_CXX_LANGUAGE_STANDARD = "gnu++0x";
				CLANG_CXX_LIBRARY = "libc++";
				CLANG_ENABLE_OBJC_ARC = YES;
				CLANG_WARN_CONSTANT_CONVERSION = YES;
				CLANG_WARN_EMPTY_BODY = YES;
				CLANG_WARN_ENUM_CONVERSION = YES;
				CLANG_WARN_INT_CONVERSION = YES;
				CLANG_WARN__DUPLICATE_METHOD_MATCH = YES;
				"CODE_SIGN_IDENTITY[sdk=iphoneos*]" = "iPhone Developer";
				COPY_PHASE_STRIP = NO;
				GCC_C_LANGUAGE_STANDARD = gnu99;
				GCC_DYNAMIC_NO_PIC = NO;
				GCC_OPTIMIZATION_LEVEL = 0;
				GCC_PREPROCESSOR_DEFINITIONS = (
					"DEBUG=1",
					"$(inherited)",
				);
				GCC_SYMBOLS_PRIVATE_EXTERN = NO;
				GCC_WARN_ABOUT_RETURN_TYPE = YES;
				GCC_WARN_UNINITIALIZED_AUTOS = YES;
				GCC_WARN_UNUSED_VARIABLE = YES;
				IPHONEOS_DEPLOYMENT_TARGET = 6.1;
				ONLY_ACTIVE_ARCH = YES;
				SDKROOT = iphoneos;
				TARGETED_DEVICE_FAMILY = "1,2";
			};
			name = Debug;
		};
		AC73528216F4774100900D7D /* Release */ = {
			isa = XCBuildConfiguration;
			buildSettings = {
				ALWAYS_SEARCH_USER_PATHS = NO;
				CLANG_CXX_LANGUAGE_STANDARD = "gnu++0x";
				CLANG_CXX_LIBRARY = "libc++";
				CLANG_ENABLE_OBJC_ARC = YES;
				CLANG_WARN_CONSTANT_CONVERSION = YES;
				CLANG_WARN_EMPTY_BODY = YES;
				CLANG_WARN_ENUM_CONVERSION = YES;
				CLANG_WARN_INT_CONVERSION = YES;
				CLANG_WARN__DUPLICATE_METHOD_MATCH = YES;
				"CODE_SIGN_IDENTITY[sdk=iphoneos*]" = "iPhone Developer";
				COPY_PHASE_STRIP = YES;
				GCC_C_LANGUAGE_STANDARD = gnu99;
				GCC_WARN_ABOUT_RETURN_TYPE = YES;
				GCC_WARN_UNINITIALIZED_AUTOS = YES;
				GCC_WARN_UNUSED_VARIABLE = YES;
				IPHONEOS_DEPLOYMENT_TARGET = 6.1;
				OTHER_CFLAGS = "-DNS_BLOCK_ASSERTIONS=1";
				SDKROOT = iphoneos;
				TARGETED_DEVICE_FAMILY = "1,2";
				VALIDATE_PRODUCT = YES;
			};
			name = Release;
		};
		AC73528416F4774100900D7D /* Debug */ = {
			isa = XCBuildConfiguration;
			buildSettings = {
				GCC_PRECOMPILE_PREFIX_HEADER = YES;
				GCC_PREFIX_HEADER = "cursogit/cursogit-Prefix.pch";
				INFOPLIST_FILE = "cursogit/cursogit-Info.plist";
				PRODUCT_NAME = "$(TARGET_NAME)";
				WRAPPER_EXTENSION = app;
			};
			name = Debug;
		};
		AC73528516F4774100900D7D /* Release */ = {
			isa = XCBuildConfiguration;
			buildSettings = {
				GCC_PRECOMPILE_PREFIX_HEADER = YES;
				GCC_PREFIX_HEADER = "cursogit/cursogit-Prefix.pch";
				INFOPLIST_FILE = "cursogit/cursogit-Info.plist";
				PRODUCT_NAME = "$(TARGET_NAME)";
				WRAPPER_EXTENSION = app;
			};
			name = Release;
		};
/* End XCBuildConfiguration section */

/* Begin XCConfigurationList section */
		AC73525816F4774100900D7D /* Build configuration list for PBXProject "cursogit" */ = {
			isa = XCConfigurationList;
			buildConfigurations = (
				AC73528116F4774100900D7D /* Debug */,
				AC73528216F4774100900D7D /* Release */,
			);
			defaultConfigurationIsVisible = 0;
			defaultConfigurationName = Release;
		};
		AC73528316F4774100900D7D /* Build configuration list for PBXNativeTarget "cursogit" */ = {
			isa = XCConfigurationList;
			buildConfigurations = (
				AC73528416F4774100900D7D /* Debug */,
				AC73528516F4774100900D7D /* Release */,
			);
			defaultConfigurationIsVisible = 0;
		};
/* End XCConfigurationList section */
	};
	rootObject = AC73525516F4774100900D7D /* Project object */;
}
